// !$*UTF8*$!
{
	archiveVersion = 1;
	classes = {
	};
	objectVersion = 46;
	objects = {

/* Begin PBXBuildFile section */
		097A840A1A44B7C900D0B83F /* main.m in Sources */ = {isa = PBXBuildFile; fileRef = 097A84091A44B7C900D0B83F /* main.m */; };
		097A840D1A44B7C900D0B83F /* AppDelegate.m in Sources */ = {isa = PBXBuildFile; fileRef = 097A840C1A44B7C900D0B83F /* AppDelegate.m */; };
		097A84131A44B7C900D0B83F /* Main.storyboard in Resources */ = {isa = PBXBuildFile; fileRef = 097A84111A44B7C900D0B83F /* Main.storyboard */; };
		097A84181A44B7C900D0B83F /* LaunchScreen.xib in Resources */ = {isa = PBXBuildFile; fileRef = 097A84161A44B7C900D0B83F /* LaunchScreen.xib */; };
		097A84241A44B7C900D0B83F /* BlizzardCheckersTests.m in Sources */ = {isa = PBXBuildFile; fileRef = 097A84231A44B7C900D0B83F /* BlizzardCheckersTests.m */; };
		097A84331A44B89600D0B83F /* GZGameViewController.m in Sources */ = {isa = PBXBuildFile; fileRef = 097A842F1A44B89600D0B83F /* GZGameViewController.m */; };
		097A84381A44B9AC00D0B83F /* GZBoardViewController.m in Sources */ = {isa = PBXBuildFile; fileRef = 097A84371A44B9AC00D0B83F /* GZBoardViewController.m */; };
		097A843B1A44B9C400D0B83F /* GZBoardView.m in Sources */ = {isa = PBXBuildFile; fileRef = 097A843A1A44B9C400D0B83F /* GZBoardView.m */; };
		097A843E1A44BFDA00D0B83F /* GZSquare.m in Sources */ = {isa = PBXBuildFile; fileRef = 097A843D1A44BFDA00D0B83F /* GZSquare.m */; };
		097A84411A44CACD00D0B83F /* Images.xcassets in Resources */ = {isa = PBXBuildFile; fileRef = 097A84401A44CACD00D0B83F /* Images.xcassets */; };
		097A84441A44D2E900D0B83F /* GZOpponent.m in Sources */ = {isa = PBXBuildFile; fileRef = 097A84431A44D2E900D0B83F /* GZOpponent.m */; };
/* End PBXBuildFile section */

/* Begin PBXContainerItemProxy section */
		097A841E1A44B7C900D0B83F /* PBXContainerItemProxy */ = {
			isa = PBXContainerItemProxy;
			containerPortal = 097A83FC1A44B7C900D0B83F /* Project object */;
			proxyType = 1;
			remoteGlobalIDString = 097A84031A44B7C900D0B83F;
			remoteInfo = BlizzardCheckers;
		};
/* End PBXContainerItemProxy section */

/* Begin PBXFileReference section */
		097A84041A44B7C900D0B83F /* BlizzardCheckers.app */ = {isa = PBXFileReference; explicitFileType = wrapper.application; includeInIndex = 0; path = BlizzardCheckers.app; sourceTree = BUILT_PRODUCTS_DIR; };
		097A84081A44B7C900D0B83F /* Info.plist */ = {isa = PBXFileReference; lastKnownFileType = text.plist.xml; path = Info.plist; sourceTree = "<group>"; };
		097A84091A44B7C900D0B83F /* main.m */ = {isa = PBXFileReference; lastKnownFileType = sourcecode.c.objc; path = main.m; sourceTree = "<group>"; };
		097A840B1A44B7C900D0B83F /* AppDelegate.h */ = {isa = PBXFileReference; lastKnownFileType = sourcecode.c.h; path = AppDelegate.h; sourceTree = "<group>"; };
		097A840C1A44B7C900D0B83F /* AppDelegate.m */ = {isa = PBXFileReference; lastKnownFileType = sourcecode.c.objc; path = AppDelegate.m; sourceTree = "<group>"; };
		097A84121A44B7C900D0B83F /* Base */ = {isa = PBXFileReference; lastKnownFileType = file.storyboard; name = Base; path = Base.lproj/Main.storyboard; sourceTree = "<group>"; };
		097A84171A44B7C900D0B83F /* Base */ = {isa = PBXFileReference; lastKnownFileType = file.xib; name = Base; path = Base.lproj/LaunchScreen.xib; sourceTree = "<group>"; };
		097A841D1A44B7C900D0B83F /* BlizzardCheckersTests.xctest */ = {isa = PBXFileReference; explicitFileType = wrapper.cfbundle; includeInIndex = 0; path = BlizzardCheckersTests.xctest; sourceTree = BUILT_PRODUCTS_DIR; };
		097A84221A44B7C900D0B83F /* Info.plist */ = {isa = PBXFileReference; lastKnownFileType = text.plist.xml; path = Info.plist; sourceTree = "<group>"; };
		097A84231A44B7C900D0B83F /* BlizzardCheckersTests.m */ = {isa = PBXFileReference; lastKnownFileType = sourcecode.c.objc; path = BlizzardCheckersTests.m; sourceTree = "<group>"; };
		097A842E1A44B89600D0B83F /* GZGameViewController.h */ = {isa = PBXFileReference; fileEncoding = 4; lastKnownFileType = sourcecode.c.h; path = GZGameViewController.h; sourceTree = "<group>"; };
		097A842F1A44B89600D0B83F /* GZGameViewController.m */ = {isa = PBXFileReference; fileEncoding = 4; lastKnownFileType = sourcecode.c.objc; path = GZGameViewController.m; sourceTree = "<group>"; };
		097A84361A44B9AC00D0B83F /* GZBoardViewController.h */ = {isa = PBXFileReference; fileEncoding = 4; lastKnownFileType = sourcecode.c.h; path = GZBoardViewController.h; sourceTree = "<group>"; };
		097A84371A44B9AC00D0B83F /* GZBoardViewController.m */ = {isa = PBXFileReference; fileEncoding = 4; lastKnownFileType = sourcecode.c.objc; path = GZBoardViewController.m; sourceTree = "<group>"; };
		097A84391A44B9C400D0B83F /* GZBoardView.h */ = {isa = PBXFileReference; fileEncoding = 4; lastKnownFileType = sourcecode.c.h; path = GZBoardView.h; sourceTree = "<group>"; };
		097A843A1A44B9C400D0B83F /* GZBoardView.m */ = {isa = PBXFileReference; fileEncoding = 4; lastKnownFileType = sourcecode.c.objc; path = GZBoardView.m; sourceTree = "<group>"; };
		097A843C1A44BFDA00D0B83F /* GZSquare.h */ = {isa = PBXFileReference; fileEncoding = 4; lastKnownFileType = sourcecode.c.h; path = GZSquare.h; sourceTree = "<group>"; };
		097A843D1A44BFDA00D0B83F /* GZSquare.m */ = {isa = PBXFileReference; fileEncoding = 4; lastKnownFileType = sourcecode.c.objc; path = GZSquare.m; sourceTree = "<group>"; };
		097A84401A44CACD00D0B83F /* Images.xcassets */ = {isa = PBXFileReference; lastKnownFileType = folder.assetcatalog; path = Images.xcassets; sourceTree = "<group>"; };
		097A84421A44D2E900D0B83F /* GZOpponent.h */ = {isa = PBXFileReference; fileEncoding = 4; lastKnownFileType = sourcecode.c.h; path = GZOpponent.h; sourceTree = "<group>"; };
		097A84431A44D2E900D0B83F /* GZOpponent.m */ = {isa = PBXFileReference; fileEncoding = 4; lastKnownFileType = sourcecode.c.objc; path = GZOpponent.m; sourceTree = "<group>"; };
/* End PBXFileReference section */

/* Begin PBXFrameworksBuildPhase section */
		097A84011A44B7C900D0B83F /* Frameworks */ = {
			isa = PBXFrameworksBuildPhase;
			buildActionMask = 2147483647;
			files = (
			);
			runOnlyForDeploymentPostprocessing = 0;
		};
		097A841A1A44B7C900D0B83F /* Frameworks */ = {
			isa = PBXFrameworksBuildPhase;
			buildActionMask = 2147483647;
			files = (
			);
			runOnlyForDeploymentPostprocessing = 0;
		};
/* End PBXFrameworksBuildPhase section */

/* Begin PBXGroup section */
		097A83FB1A44B7C900D0B83F = {
			isa = PBXGroup;
			children = (
				097A84061A44B7C900D0B83F /* BlizzardCheckers */,
				097A84201A44B7C900D0B83F /* BlizzardCheckersTests */,
				097A84051A44B7C900D0B83F /* Products */,
			);
			sourceTree = "<group>";
		};
		097A84051A44B7C900D0B83F /* Products */ = {
			isa = PBXGroup;
			children = (
				097A84041A44B7C900D0B83F /* BlizzardCheckers.app */,
				097A841D1A44B7C900D0B83F /* BlizzardCheckersTests.xctest */,
			);
			name = Products;
			sourceTree = "<group>";
		};
		097A84061A44B7C900D0B83F /* BlizzardCheckers */ = {
			isa = PBXGroup;
			children = (
				097A843F1A44CACD00D0B83F /* Assets */,
				097A842D1A44B89600D0B83F /* Controllers */,
				097A84301A44B89600D0B83F /* Controls */,
				097A84311A44B89600D0B83F /* Players */,
				097A84321A44B89600D0B83F /* Views */,
				097A840B1A44B7C900D0B83F /* AppDelegate.h */,
				097A840C1A44B7C900D0B83F /* AppDelegate.m */,
				097A84111A44B7C900D0B83F /* Main.storyboard */,
				097A84161A44B7C900D0B83F /* LaunchScreen.xib */,
				097A84071A44B7C900D0B83F /* Supporting Files */,
			);
			path = BlizzardCheckers;
			sourceTree = "<group>";
		};
		097A84071A44B7C900D0B83F /* Supporting Files */ = {
			isa = PBXGroup;
			children = (
				097A84081A44B7C900D0B83F /* Info.plist */,
				097A84091A44B7C900D0B83F /* main.m */,
			);
			name = "Supporting Files";
			sourceTree = "<group>";
		};
		097A84201A44B7C900D0B83F /* BlizzardCheckersTests */ = {
			isa = PBXGroup;
			children = (
				097A84231A44B7C900D0B83F /* BlizzardCheckersTests.m */,
				097A84211A44B7C900D0B83F /* Supporting Files */,
			);
			path = BlizzardCheckersTests;
			sourceTree = "<group>";
		};
		097A84211A44B7C900D0B83F /* Supporting Files */ = {
			isa = PBXGroup;
			children = (
				097A84221A44B7C900D0B83F /* Info.plist */,
			);
			name = "Supporting Files";
			sourceTree = "<group>";
		};
		097A842D1A44B89600D0B83F /* Controllers */ = {
			isa = PBXGroup;
			children = (
				097A842E1A44B89600D0B83F /* GZGameViewController.h */,
				097A842F1A44B89600D0B83F /* GZGameViewController.m */,
				097A84361A44B9AC00D0B83F /* GZBoardViewController.h */,
				097A84371A44B9AC00D0B83F /* GZBoardViewController.m */,
			);
			path = Controllers;
			sourceTree = "<group>";
		};
		097A84301A44B89600D0B83F /* Controls */ = {
			isa = PBXGroup;
			children = (
				097A843C1A44BFDA00D0B83F /* GZSquare.h */,
				097A843D1A44BFDA00D0B83F /* GZSquare.m */,
			);
			path = Controls;
			sourceTree = "<group>";
		};
		097A84311A44B89600D0B83F /* Players */ = {
			isa = PBXGroup;
			children = (
				097A84421A44D2E900D0B83F /* GZOpponent.h */,
				097A84431A44D2E900D0B83F /* GZOpponent.m */,
			);
			path = Players;
			sourceTree = "<group>";
		};
		097A84321A44B89600D0B83F /* Views */ = {
			isa = PBXGroup;
			children = (
				097A84391A44B9C400D0B83F /* GZBoardView.h */,
				097A843A1A44B9C400D0B83F /* GZBoardView.m */,
			);
			path = Views;
			sourceTree = "<group>";
		};
		097A843F1A44CACD00D0B83F /* Assets */ = {
			isa = PBXGroup;
			children = (
				097A84401A44CACD00D0B83F /* Images.xcassets */,
			);
			path = Assets;
			sourceTree = "<group>";
		};
/* End PBXGroup section */

/* Begin PBXNativeTarget section */
		097A84031A44B7C900D0B83F /* BlizzardCheckers */ = {
			isa = PBXNativeTarget;
			buildConfigurationList = 097A84271A44B7C900D0B83F /* Build configuration list for PBXNativeTarget "BlizzardCheckers" */;
			buildPhases = (
				097A84001A44B7C900D0B83F /* Sources */,
				097A84011A44B7C900D0B83F /* Frameworks */,
				097A84021A44B7C900D0B83F /* Resources */,
			);
			buildRules = (
			);
			dependencies = (
			);
			name = BlizzardCheckers;
			productName = BlizzardCheckers;
			productReference = 097A84041A44B7C900D0B83F /* BlizzardCheckers.app */;
			productType = "com.apple.product-type.application";
		};
		097A841C1A44B7C900D0B83F /* BlizzardCheckersTests */ = {
			isa = PBXNativeTarget;
			buildConfigurationList = 097A842A1A44B7C900D0B83F /* Build configuration list for PBXNativeTarget "BlizzardCheckersTests" */;
			buildPhases = (
				097A84191A44B7C900D0B83F /* Sources */,
				097A841A1A44B7C900D0B83F /* Frameworks */,
				097A841B1A44B7C900D0B83F /* Resources */,
			);
			buildRules = (
			);
			dependencies = (
				097A841F1A44B7C900D0B83F /* PBXTargetDependency */,
			);
			name = BlizzardCheckersTests;
			productName = BlizzardCheckersTests;
			productReference = 097A841D1A44B7C900D0B83F /* BlizzardCheckersTests.xctest */;
			productType = "com.apple.product-type.bundle.unit-test";
		};
/* End PBXNativeTarget section */

/* Begin PBXProject section */
		097A83FC1A44B7C900D0B83F /* Project object */ = {
			isa = PBXProject;
			attributes = {
				CLASSPREFIX = GZ;
				LastUpgradeCheck = 0610;
				ORGANIZATIONNAME = gzfrancisco;
				TargetAttributes = {
					097A84031A44B7C900D0B83F = {
						CreatedOnToolsVersion = 6.1.1;
					};
					097A841C1A44B7C900D0B83F = {
						CreatedOnToolsVersion = 6.1.1;
						TestTargetID = 097A84031A44B7C900D0B83F;
					};
				};
			};
			buildConfigurationList = 097A83FF1A44B7C900D0B83F /* Build configuration list for PBXProject "BlizzardCheckers" */;
			compatibilityVersion = "Xcode 3.2";
			developmentRegion = English;
			hasScannedForEncodings = 0;
			knownRegions = (
				en,
				Base,
			);
			mainGroup = 097A83FB1A44B7C900D0B83F;
			productRefGroup = 097A84051A44B7C900D0B83F /* Products */;
			projectDirPath = "";
			projectRoot = "";
			targets = (
				097A84031A44B7C900D0B83F /* BlizzardCheckers */,
				097A841C1A44B7C900D0B83F /* BlizzardCheckersTests */,
			);
		};
/* End PBXProject section */

/* Begin PBXResourcesBuildPhase section */
		097A84021A44B7C900D0B83F /* Resources */ = {
			isa = PBXResourcesBuildPhase;
			buildActionMask = 2147483647;
			files = (
				097A84411A44CACD00D0B83F /* Images.xcassets in Resources */,
				097A84131A44B7C900D0B83F /* Main.storyboard in Resources */,
				097A84181A44B7C900D0B83F /* LaunchScreen.xib in Resources */,
			);
			runOnlyForDeploymentPostprocessing = 0;
		};
		097A841B1A44B7C900D0B83F /* Resources */ = {
			isa = PBXResourcesBuildPhase;
			buildActionMask = 2147483647;
			files = (
			);
			runOnlyForDeploymentPostprocessing = 0;
		};
/* End PBXResourcesBuildPhase section */

/* Begin PBXSourcesBuildPhase section */
		097A84001A44B7C900D0B83F /* Sources */ = {
			isa = PBXSourcesBuildPhase;
			buildActionMask = 2147483647;
			files = (
				097A843B1A44B9C400D0B83F /* GZBoardView.m in Sources */,
				097A84331A44B89600D0B83F /* GZGameViewController.m in Sources */,
				097A840D1A44B7C900D0B83F /* AppDelegate.m in Sources */,
				097A843E1A44BFDA00D0B83F /* GZSquare.m in Sources */,
				097A84381A44B9AC00D0B83F /* GZBoardViewController.m in Sources */,
				097A84441A44D2E900D0B83F /* GZOpponent.m in Sources */,
				097A840A1A44B7C900D0B83F /* main.m in Sources */,
			);
			runOnlyForDeploymentPostprocessing = 0;
		};
		097A84191A44B7C900D0B83F /* Sources */ = {
			isa = PBXSourcesBuildPhase;
			buildActionMask = 2147483647;
			files = (
				097A84241A44B7C900D0B83F /* BlizzardCheckersTests.m in Sources */,
			);
			runOnlyForDeploymentPostprocessing = 0;
		};
/* End PBXSourcesBuildPhase section */

/* Begin PBXTargetDependency section */
		097A841F1A44B7C900D0B83F /* PBXTargetDependency */ = {
			isa = PBXTargetDependency;
			target = 097A84031A44B7C900D0B83F /* BlizzardCheckers */;
			targetProxy = 097A841E1A44B7C900D0B83F /* PBXContainerItemProxy */;
		};
/* End PBXTargetDependency section */

/* Begin PBXVariantGroup section */
		097A84111A44B7C900D0B83F /* Main.storyboard */ = {
			isa = PBXVariantGroup;
			children = (
				097A84121A44B7C900D0B83F /* Base */,
			);
			name = Main.storyboard;
			sourceTree = "<group>";
		};
		097A84161A44B7C900D0B83F /* LaunchScreen.xib */ = {
			isa = PBXVariantGroup;
			children = (
				097A84171A44B7C900D0B83F /* Base */,
			);
			name = LaunchScreen.xib;
			sourceTree = "<group>";
		};
/* End PBXVariantGroup section */

/* Begin XCBuildConfiguration section */
		097A84251A44B7C900D0B83F /* Debug */ = {
			isa = XCBuildConfiguration;
			buildSettings = {
				ALWAYS_SEARCH_USER_PATHS = NO;
				CLANG_CXX_LANGUAGE_STANDARD = "gnu++0x";
				CLANG_CXX_LIBRARY = "libc++";
				CLANG_ENABLE_MODULES = YES;
				CLANG_ENABLE_OBJC_ARC = YES;
				CLANG_WARN_BOOL_CONVERSION = YES;
				CLANG_WARN_CONSTANT_CONVERSION = YES;
				CLANG_WARN_DIRECT_OBJC_ISA_USAGE = YES_ERROR;
				CLANG_WARN_EMPTY_BODY = YES;
				CLANG_WARN_ENUM_CONVERSION = YES;
				CLANG_WARN_INT_CONVERSION = YES;
				CLANG_WARN_OBJC_ROOT_CLASS = YES_ERROR;
				CLANG_WARN_UNREACHABLE_CODE = YES;
				CLANG_WARN__DUPLICATE_METHOD_MATCH = YES;
				"CODE_SIGN_IDENTITY[sdk=iphoneos*]" = "iPhone Developer";
				COPY_PHASE_STRIP = NO;
				ENABLE_STRICT_OBJC_MSGSEND = YES;
				GCC_C_LANGUAGE_STANDARD = gnu99;
				GCC_DYNAMIC_NO_PIC = NO;
				GCC_OPTIMIZATION_LEVEL = 0;
				GCC_PREPROCESSOR_DEFINITIONS = (
					"DEBUG=1",
					"$(inherited)",
				);
				GCC_SYMBOLS_PRIVATE_EXTERN = NO;
				GCC_WARN_64_TO_32_BIT_CONVERSION = YES;
				GCC_WARN_ABOUT_RETURN_TYPE = YES_ERROR;
				GCC_WARN_UNDECLARED_SELECTOR = YES;
				GCC_WARN_UNINITIALIZED_AUTOS = YES_AGGRESSIVE;
				GCC_WARN_UNUSED_FUNCTION = YES;
				GCC_WARN_UNUSED_VARIABLE = YES;
				IPHONEOS_DEPLOYMENT_TARGET = 8.1;
				MTL_ENABLE_DEBUG_INFO = YES;
				ONLY_ACTIVE_ARCH = YES;
				SDKROOT = iphoneos;
			};
			name = Debug;
		};
		097A84261A44B7C900D0B83F /* Release */ = {
			isa = XCBuildConfiguration;
			buildSettings = {
				ALWAYS_SEARCH_USER_PATHS = NO;
				CLANG_CXX_LANGUAGE_STANDARD = "gnu++0x";
				CLANG_CXX_LIBRARY = "libc++";
				CLANG_ENABLE_MODULES = YES;
				CLANG_ENABLE_OBJC_ARC = YES;
				CLANG_WARN_BOOL_CONVERSION = YES;
				CLANG_WARN_CONSTANT_CONVERSION = YES;
				CLANG_WARN_DIRECT_OBJC_ISA_USAGE = YES_ERROR;
				CLANG_WARN_EMPTY_BODY = YES;
				CLANG_WARN_ENUM_CONVERSION = YES;
				CLANG_WARN_INT_CONVERSION = YES;
				CLANG_WARN_OBJC_ROOT_CLASS = YES_ERROR;
				CLANG_WARN_UNREACHABLE_CODE = YES;
				CLANG_WARN__DUPLICATE_METHOD_MATCH = YES;
				"CODE_SIGN_IDENTITY[sdk=iphoneos*]" = "iPhone Developer";
				COPY_PHASE_STRIP = YES;
				ENABLE_NS_ASSERTIONS = NO;
				ENABLE_STRICT_OBJC_MSGSEND = YES;
				GCC_C_LANGUAGE_STANDARD = gnu99;
				GCC_WARN_64_TO_32_BIT_CONVERSION = YES;
				GCC_WARN_ABOUT_RETURN_TYPE = YES_ERROR;
				GCC_WARN_UNDECLARED_SELECTOR = YES;
				GCC_WARN_UNINITIALIZED_AUTOS = YES_AGGRESSIVE;
				GCC_WARN_UNUSED_FUNCTION = YES;
				GCC_WARN_UNUSED_VARIABLE = YES;
				IPHONEOS_DEPLOYMENT_TARGET = 8.1;
				MTL_ENABLE_DEBUG_INFO = NO;
				SDKROOT = iphoneos;
				VALIDATE_PRODUCT = YES;
			};
			name = Release;
		};
		097A84281A44B7C900D0B83F /* Debug */ = {
			isa = XCBuildConfiguration;
			buildSettings = {
				ASSETCATALOG_COMPILER_APPICON_NAME = AppIcon;
				INFOPLIST_FILE = BlizzardCheckers/Info.plist;
				LD_RUNPATH_SEARCH_PATHS = "$(inherited) @executable_path/Frameworks";
				PRODUCT_NAME = "$(TARGET_NAME)";
			};
			name = Debug;
		};
		097A84291A44B7C900D0B83F /* Release */ = {
			isa = XCBuildConfiguration;
			buildSettings = {
				ASSETCATALOG_COMPILER_APPICON_NAME = AppIcon;
				INFOPLIST_FILE = BlizzardCheckers/Info.plist;
				LD_RUNPATH_SEARCH_PATHS = "$(inherited) @executable_path/Frameworks";
				PRODUCT_NAME = "$(TARGET_NAME)";
			};
			name = Release;
		};
		097A842B1A44B7C900D0B83F /* Debug */ = {
			isa = XCBuildConfiguration;
			buildSettings = {
				BUNDLE_LOADER = "$(TEST_HOST)";
				FRAMEWORK_SEARCH_PATHS = (
					"$(SDKROOT)/Developer/Library/Frameworks",
					"$(inherited)",
				);
				GCC_PREPROCESSOR_DEFINITIONS = (
					"DEBUG=1",
					"$(inherited)",
				);
				INFOPLIST_FILE = BlizzardCheckersTests/Info.plist;
				LD_RUNPATH_SEARCH_PATHS = "$(inherited) @executable_path/Frameworks @loader_path/Frameworks";
				PRODUCT_NAME = "$(TARGET_NAME)";
				TEST_HOST = "$(BUILT_PRODUCTS_DIR)/BlizzardCheckers.app/BlizzardCheckers";
			};
			name = Debug;
		};
		097A842C1A44B7C900D0B83F /* Release */ = {
			isa = XCBuildConfiguration;
			buildSettings = {
				BUNDLE_LOADER = "$(TEST_HOST)";
				FRAMEWORK_SEARCH_PATHS = (
					"$(SDKROOT)/Developer/Library/Frameworks",
					"$(inherited)",
				);
				INFOPLIST_FILE = BlizzardCheckersTests/Info.plist;
				LD_RUNPATH_SEARCH_PATHS = "$(inherited) @executable_path/Frameworks @loader_path/Frameworks";
				PRODUCT_NAME = "$(TARGET_NAME)";
				TEST_HOST = "$(BUILT_PRODUCTS_DIR)/BlizzardCheckers.app/BlizzardCheckers";
			};
			name = Release;
		};
/* End XCBuildConfiguration section */

/* Begin XCConfigurationList section */
		097A83FF1A44B7C900D0B83F /* Build configuration list for PBXProject "BlizzardCheckers" */ = {
			isa = XCConfigurationList;
			buildConfigurations = (
				097A84251A44B7C900D0B83F /* Debug */,
				097A84261A44B7C900D0B83F /* Release */,
			);
			defaultConfigurationIsVisible = 0;
			defaultConfigurationName = Release;
		};
		097A84271A44B7C900D0B83F /* Build configuration list for PBXNativeTarget "BlizzardCheckers" */ = {
			isa = XCConfigurationList;
			buildConfigurations = (
				097A84281A44B7C900D0B83F /* Debug */,
				097A84291A44B7C900D0B83F /* Release */,
			);
			defaultConfigurationIsVisible = 0;
			defaultConfigurationName = Release;
		};
		097A842A1A44B7C900D0B83F /* Build configuration list for PBXNativeTarget "BlizzardCheckersTests" */ = {
			isa = XCConfigurationList;
			buildConfigurations = (
				097A842B1A44B7C900D0B83F /* Debug */,
				097A842C1A44B7C900D0B83F /* Release */,
			);
			defaultConfigurationIsVisible = 0;
			defaultConfigurationName = Release;
		};
/* End XCConfigurationList section */
	};
	rootObject = 097A83FC1A44B7C900D0B83F /* Project object */;
}
